
Microsoft Visual Studio Solution File, Format Version 12.00
# Visual Studio Version 17
VisualStudioVersion = 17.5.002.0
MinimumVisualStudioVersion = 10.0.40219.1
Project("{9A19103F-16F7-4668-BE54-9A1E7A4F7556}") = "MovieTicketBooking", "MovieTicketBooking.csproj", "{9ACC7CCA-A8BA-4D4F-8FCF-EA83C67D0B5D}"
EndProject
Global
	GlobalSection(SolutionConfigurationPlatforms) = preSolution
		Debug|Any CPU = Debug|Any CPU
		Release|Any CPU = Release|Any CPU
	EndGlobalSection
	GlobalSection(ProjectConfigurationPlatforms) = postSolution
		{9ACC7CCA-A8BA-4D4F-8FCF-EA83C67D0B5D}.Debug|Any CPU.ActiveCfg = Debug|Any CPU
		{9ACC7CCA-A8BA-4D4F-8FCF-EA83C67D0B5D}.Debug|Any CPU.Build.0 = Debug|Any CPU
		{9ACC7CCA-A8BA-4D4F-8FCF-EA83C67D0B5D}.Release|Any CPU.ActiveCfg = Release|Any CPU
		{9ACC7CCA-A8BA-4D4F-8FCF-EA83C67D0B5D}.Release|Any CPU.Build.0 = Release|Any CPU
	EndGlobalSection
	GlobalSection(SolutionProperties) = preSolution
		HideSolutionNode = FALSE
	EndGlobalSection
	GlobalSection(ExtensibilityGlobals) = postSolution
		SolutionGuid = {14521DC8-F0EE-467F-9246-0C619B050A47}
	EndGlobalSection
EndGlobal
